
Microsoft Visual Studio Solution File, Format Version 12.00
# Visual Studio Version 17
VisualStudioVersion = 17.8.34525.116
MinimumVisualStudioVersion = 10.0.40219.1
Project("{FAE04EC0-301F-11D3-BF4B-00C04F79EFBC}") = "MasterTheCodingInterviewTraining", "MasterTheCodingInterviewTraining.csproj", "{BF2B2F41-30B3-4670-B6CC-DBF1BBEB3B4F}"
EndProject
Global
	GlobalSection(SolutionConfigurationPlatforms) = preSolution
		Debug|Any CPU = Debug|Any CPU
		Release|Any CPU = Release|Any CPU
	EndGlobalSection
	GlobalSection(ProjectConfigurationPlatforms) = postSolution
		{BF2B2F41-30B3-4670-B6CC-DBF1BBEB3B4F}.Debug|Any CPU.ActiveCfg = Debug|Any CPU
		{BF2B2F41-30B3-4670-B6CC-DBF1BBEB3B4F}.Debug|Any CPU.Build.0 = Debug|Any CPU
		{BF2B2F41-30B3-4670-B6CC-DBF1BBEB3B4F}.Release|Any CPU.ActiveCfg = Release|Any CPU
		{BF2B2F41-30B3-4670-B6CC-DBF1BBEB3B4F}.Release|Any CPU.Build.0 = Release|Any CPU
	EndGlobalSection
	GlobalSection(SolutionProperties) = preSolution
		HideSolutionNode = FALSE
	EndGlobalSection
	GlobalSection(ExtensibilityGlobals) = postSolution
		SolutionGuid = {9341999B-9533-40BC-AB53-5E3FA3A10FF9}
	EndGlobalSection
EndGlobal
